
Microsoft Visual Studio Solution File, Format Version 12.00
# Visual Studio Version 17
VisualStudioVersion = 17.3.32901.215
MinimumVisualStudioVersion = 10.0.40219.1
Project("{9A19103F-16F7-4668-BE54-9A1E7A4F7556}") = "ConsoleApp", "ConsoleApp\ConsoleApp.csproj", "{9445786E-0D72-45CB-8E13-0303F5D50625}"
EndProject
Project("{9A19103F-16F7-4668-BE54-9A1E7A4F7556}") = "Models", "Models\Models.csproj", "{2232B860-40D4-45E3-946E-719E04A91E51}"
EndProject
Project("{9A19103F-16F7-4668-BE54-9A1E7A4F7556}") = "DAL", "DAL\DAL.csproj", "{BD0A0485-9866-4D20-9F3A-E1D76C87514F}"
EndProject
Project("{9A19103F-16F7-4668-BE54-9A1E7A4F7556}") = "DAL.SqlServer", "DAL.SqlServer\DAL.SqlServer.csproj", "{4BC5C8AC-867E-4595-BBBA-DBB2C0F56EBE}"
EndProject
Project("{9A19103F-16F7-4668-BE54-9A1E7A4F7556}") = "DAL.SQLite", "DAL.SQLite\DAL.SQLite.csproj", "{ACC60EE4-30AA-4EAC-A9CB-3748B46D5367}"
EndProject
Project("{FAE04EC0-301F-11D3-BF4B-00C04F79EFBC}") = "WebApplication", "WebApplication\WebApplication.csproj", "{4AB5F22E-221C-4D98-B428-2357B48F7E02}"
EndProject
Global
	GlobalSection(SolutionConfigurationPlatforms) = preSolution
		Debug|Any CPU = Debug|Any CPU
		Release|Any CPU = Release|Any CPU
	EndGlobalSection
	GlobalSection(ProjectConfigurationPlatforms) = postSolution
		{9445786E-0D72-45CB-8E13-0303F5D50625}.Debug|Any CPU.ActiveCfg = Debug|Any CPU
		{9445786E-0D72-45CB-8E13-0303F5D50625}.Debug|Any CPU.Build.0 = Debug|Any CPU
		{9445786E-0D72-45CB-8E13-0303F5D50625}.Release|Any CPU.ActiveCfg = Release|Any CPU
		{9445786E-0D72-45CB-8E13-0303F5D50625}.Release|Any CPU.Build.0 = Release|Any CPU
		{2232B860-40D4-45E3-946E-719E04A91E51}.Debug|Any CPU.ActiveCfg = Debug|Any CPU
		{2232B860-40D4-45E3-946E-719E04A91E51}.Debug|Any CPU.Build.0 = Debug|Any CPU
		{2232B860-40D4-45E3-946E-719E04A91E51}.Release|Any CPU.ActiveCfg = Release|Any CPU
		{2232B860-40D4-45E3-946E-719E04A91E51}.Release|Any CPU.Build.0 = Release|Any CPU
		{BD0A0485-9866-4D20-9F3A-E1D76C87514F}.Debug|Any CPU.ActiveCfg = Debug|Any CPU
		{BD0A0485-9866-4D20-9F3A-E1D76C87514F}.Debug|Any CPU.Build.0 = Debug|Any CPU
		{BD0A0485-9866-4D20-9F3A-E1D76C87514F}.Release|Any CPU.ActiveCfg = Release|Any CPU
		{BD0A0485-9866-4D20-9F3A-E1D76C87514F}.Release|Any CPU.Build.0 = Release|Any CPU
		{4BC5C8AC-867E-4595-BBBA-DBB2C0F56EBE}.Debug|Any CPU.ActiveCfg = Debug|Any CPU
		{4BC5C8AC-867E-4595-BBBA-DBB2C0F56EBE}.Debug|Any CPU.Build.0 = Debug|Any CPU
		{4BC5C8AC-867E-4595-BBBA-DBB2C0F56EBE}.Release|Any CPU.ActiveCfg = Release|Any CPU
		{4BC5C8AC-867E-4595-BBBA-DBB2C0F56EBE}.Release|Any CPU.Build.0 = Release|Any CPU
		{ACC60EE4-30AA-4EAC-A9CB-3748B46D5367}.Debug|Any CPU.ActiveCfg = Debug|Any CPU
		{ACC60EE4-30AA-4EAC-A9CB-3748B46D5367}.Debug|Any CPU.Build.0 = Debug|Any CPU
		{ACC60EE4-30AA-4EAC-A9CB-3748B46D5367}.Release|Any CPU.ActiveCfg = Release|Any CPU
		{ACC60EE4-30AA-4EAC-A9CB-3748B46D5367}.Release|Any CPU.Build.0 = Release|Any CPU
		{4AB5F22E-221C-4D98-B428-2357B48F7E02}.Debug|Any CPU.ActiveCfg = Debug|Any CPU
		{4AB5F22E-221C-4D98-B428-2357B48F7E02}.Debug|Any CPU.Build.0 = Debug|Any CPU
		{4AB5F22E-221C-4D98-B428-2357B48F7E02}.Release|Any CPU.ActiveCfg = Release|Any CPU
		{4AB5F22E-221C-4D98-B428-2357B48F7E02}.Release|Any CPU.Build.0 = Release|Any CPU
	EndGlobalSection
	GlobalSection(SolutionProperties) = preSolution
		HideSolutionNode = FALSE
	EndGlobalSection
	GlobalSection(ExtensibilityGlobals) = postSolution
		SolutionGuid = {B61A26FD-1C86-4A16-B03F-71F1AEE9F4F9}
	EndGlobalSection
EndGlobal
